
Microsoft Visual Studio Solution File, Format Version 12.00
# Visual Studio Version 16
VisualStudioVersion = 16.0.31613.86
MinimumVisualStudioVersion = 10.0.40219.1
Project("{FAE04EC0-301F-11D3-BF4B-00C04F79EFBC}") = "JobPortal", "JobPortal.csproj", "{FCB4B519-AD24-4BFE-9C3F-55287C2905D6}"
EndProject
Global
	GlobalSection(SolutionConfigurationPlatforms) = preSolution
		Debug|Any CPU = Debug|Any CPU
		Release|Any CPU = Release|Any CPU
	EndGlobalSection
	GlobalSection(ProjectConfigurationPlatforms) = postSolution
		{FCB4B519-AD24-4BFE-9C3F-55287C2905D6}.Debug|Any CPU.ActiveCfg = Debug|Any CPU
		{FCB4B519-AD24-4BFE-9C3F-55287C2905D6}.Debug|Any CPU.Build.0 = Debug|Any CPU
		{FCB4B519-AD24-4BFE-9C3F-55287C2905D6}.Release|Any CPU.ActiveCfg = Release|Any CPU
		{FCB4B519-AD24-4BFE-9C3F-55287C2905D6}.Release|Any CPU.Build.0 = Release|Any CPU
	EndGlobalSection
	GlobalSection(SolutionProperties) = preSolution
		HideSolutionNode = FALSE
	EndGlobalSection
	GlobalSection(ExtensibilityGlobals) = postSolution
		SolutionGuid = {6BE48E5C-A2DB-4D4C-B4DD-2A700D40B6A7}
	EndGlobalSection
EndGlobal
